
Microsoft Visual Studio Solution File, Format Version 12.00
# Visual Studio Version 17
VisualStudioVersion = 17.8.34330.188
MinimumVisualStudioVersion = 10.0.40219.1
Project("{FAE04EC0-301F-11D3-BF4B-00C04F79EFBC}") = "C# first", "C# first\C# first.csproj", "{C6AAA842-D153-4BD4-B5FC-F826700AF008}"
EndProject
Global
	GlobalSection(SolutionConfigurationPlatforms) = preSolution
		Debug|Any CPU = Debug|Any CPU
		Release|Any CPU = Release|Any CPU
	EndGlobalSection
	GlobalSection(ProjectConfigurationPlatforms) = postSolution
		{C6AAA842-D153-4BD4-B5FC-F826700AF008}.Debug|Any CPU.ActiveCfg = Debug|Any CPU
		{C6AAA842-D153-4BD4-B5FC-F826700AF008}.Debug|Any CPU.Build.0 = Debug|Any CPU
		{C6AAA842-D153-4BD4-B5FC-F826700AF008}.Release|Any CPU.ActiveCfg = Release|Any CPU
		{C6AAA842-D153-4BD4-B5FC-F826700AF008}.Release|Any CPU.Build.0 = Release|Any CPU
	EndGlobalSection
	GlobalSection(SolutionProperties) = preSolution
		HideSolutionNode = FALSE
	EndGlobalSection
	GlobalSection(ExtensibilityGlobals) = postSolution
		SolutionGuid = {1B653985-381C-43A2-A117-D24DA0FD9414}
	EndGlobalSection
EndGlobal
